
Microsoft Visual Studio Solution File, Format Version 12.00
# Visual Studio Version 17
VisualStudioVersion = 17.12.35506.116
MinimumVisualStudioVersion = 10.0.40219.1
Project("{2150E333-8FDC-42A3-9474-1A3956D46DE8}") = "0_Base", "0_Base", "{F68733D7-C190-4E08-B573-8BAE64F94794}"
EndProject
Project("{2150E333-8FDC-42A3-9474-1A3956D46DE8}") = "1_Os", "1_Os", "{3632AE08-AAF9-46C1-96E2-02FD9E186527}"
EndProject
Project("{2150E333-8FDC-42A3-9474-1A3956D46DE8}") = "2_Engine", "2_Engine", "{E658CF54-13AD-4541-A061-23327CBBFF61}"
EndProject
Project("{2150E333-8FDC-42A3-9474-1A3956D46DE8}") = "3_Contents", "3_Contents", "{5CF568BF-706D-4302-9DDF-CA1293E6EF4E}"
EndProject
Project("{2150E333-8FDC-42A3-9474-1A3956D46DE8}") = "4_App", "4_App", "{C3B7075D-125B-443A-AF73-98E83663D146}"
EndProject
Project("{8BC9CEB8-8B4A-11D0-8D11-00A0C91BC942}") = "App", "App\App.vcxproj", "{D12E20B9-4D59-4A73-BC02-EF470821E972}"
	ProjectSection(ProjectDependencies) = postProject
		{871E1D0F-E0EC-47F1-8116-033BBAA4FFA7} = {871E1D0F-E0EC-47F1-8116-033BBAA4FFA7}
		{A38FF672-2492-4F0A-B0DA-D1B98403A730} = {A38FF672-2492-4F0A-B0DA-D1B98403A730}
		{D0A48B00-FB03-451B-888B-EDB0555DC8BF} = {D0A48B00-FB03-451B-888B-EDB0555DC8BF}
		{DB577C00-D552-4221-8B0C-7A8E134AEAD0} = {DB577C00-D552-4221-8B0C-7A8E134AEAD0}
	EndProjectSection
EndProject
Project("{8BC9CEB8-8B4A-11D0-8D11-00A0C91BC942}") = "EngineContents", "EngineContents\EngineContents.vcxproj", "{871E1D0F-E0EC-47F1-8116-033BBAA4FFA7}"
	ProjectSection(ProjectDependencies) = postProject
		{A38FF672-2492-4F0A-B0DA-D1B98403A730} = {A38FF672-2492-4F0A-B0DA-D1B98403A730}
		{D0A48B00-FB03-451B-888B-EDB0555DC8BF} = {D0A48B00-FB03-451B-888B-EDB0555DC8BF}
		{DB577C00-D552-4221-8B0C-7A8E134AEAD0} = {DB577C00-D552-4221-8B0C-7A8E134AEAD0}
	EndProjectSection
EndProject
Project("{8BC9CEB8-8B4A-11D0-8D11-00A0C91BC942}") = "EngineCore", "EngineCore\EngineCore.vcxproj", "{DB577C00-D552-4221-8B0C-7A8E134AEAD0}"
	ProjectSection(ProjectDependencies) = postProject
		{A38FF672-2492-4F0A-B0DA-D1B98403A730} = {A38FF672-2492-4F0A-B0DA-D1B98403A730}
		{D0A48B00-FB03-451B-888B-EDB0555DC8BF} = {D0A48B00-FB03-451B-888B-EDB0555DC8BF}
	EndProjectSection
EndProject
Project("{8BC9CEB8-8B4A-11D0-8D11-00A0C91BC942}") = "EnginePlatform", "EnginePlatform\EnginePlatform.vcxproj", "{D0A48B00-FB03-451B-888B-EDB0555DC8BF}"
	ProjectSection(ProjectDependencies) = postProject
		{A38FF672-2492-4F0A-B0DA-D1B98403A730} = {A38FF672-2492-4F0A-B0DA-D1B98403A730}
	EndProjectSection
EndProject
Project("{8BC9CEB8-8B4A-11D0-8D11-00A0C91BC942}") = "EngineBase", "EngineBase\EngineBase.vcxproj", "{A38FF672-2492-4F0A-B0DA-D1B98403A730}"
EndProject
Project("{8BC9CEB8-8B4A-11D0-8D11-00A0C91BC942}") = "EngineShader", "EngineShader\EngineShader.vcxproj", "{0F0078CA-E0CC-4019-BF9A-8B6319959138}"
EndProject
Global
	GlobalSection(SolutionConfigurationPlatforms) = preSolution
		Debug|x64 = Debug|x64
		Debug|x86 = Debug|x86
		Release|x64 = Release|x64
		Release|x86 = Release|x86
	EndGlobalSection
	GlobalSection(ProjectConfigurationPlatforms) = postSolution
		{D12E20B9-4D59-4A73-BC02-EF470821E972}.Debug|x64.ActiveCfg = Debug|x64
		{D12E20B9-4D59-4A73-BC02-EF470821E972}.Debug|x64.Build.0 = Debug|x64
		{D12E20B9-4D59-4A73-BC02-EF470821E972}.Debug|x86.ActiveCfg = Debug|Win32
		{D12E20B9-4D59-4A73-BC02-EF470821E972}.Debug|x86.Build.0 = Debug|Win32
		{D12E20B9-4D59-4A73-BC02-EF470821E972}.Release|x64.ActiveCfg = Release|x64
		{D12E20B9-4D59-4A73-BC02-EF470821E972}.Release|x64.Build.0 = Release|x64
		{D12E20B9-4D59-4A73-BC02-EF470821E972}.Release|x86.ActiveCfg = Release|Win32
		{D12E20B9-4D59-4A73-BC02-EF470821E972}.Release|x86.Build.0 = Release|Win32
		{871E1D0F-E0EC-47F1-8116-033BBAA4FFA7}.Debug|x64.ActiveCfg = Debug|x64
		{871E1D0F-E0EC-47F1-8116-033BBAA4FFA7}.Debug|x64.Build.0 = Debug|x64
		{871E1D0F-E0EC-47F1-8116-033BBAA4FFA7}.Debug|x86.ActiveCfg = Debug|Win32
		{871E1D0F-E0EC-47F1-8116-033BBAA4FFA7}.Debug|x86.Build.0 = Debug|Win32
		{871E1D0F-E0EC-47F1-8116-033BBAA4FFA7}.Release|x64.ActiveCfg = Release|x64
		{871E1D0F-E0EC-47F1-8116-033BBAA4FFA7}.Release|x64.Build.0 = Release|x64
		{871E1D0F-E0EC-47F1-8116-033BBAA4FFA7}.Release|x86.ActiveCfg = Release|Win32
		{871E1D0F-E0EC-47F1-8116-033BBAA4FFA7}.Release|x86.Build.0 = Release|Win32
		{DB577C00-D552-4221-8B0C-7A8E134AEAD0}.Debug|x64.ActiveCfg = Debug|x64
		{DB577C00-D552-4221-8B0C-7A8E134AEAD0}.Debug|x64.Build.0 = Debug|x64
		{DB577C00-D552-4221-8B0C-7A8E134AEAD0}.Debug|x86.ActiveCfg = Debug|Win32
		{DB577C00-D552-4221-8B0C-7A8E134AEAD0}.Debug|x86.Build.0 = Debug|Win32
		{DB577C00-D552-4221-8B0C-7A8E134AEAD0}.Release|x64.ActiveCfg = Release|x64
		{DB577C00-D552-4221-8B0C-7A8E134AEAD0}.Release|x64.Build.0 = Release|x64
		{DB577C00-D552-4221-8B0C-7A8E134AEAD0}.Release|x86.ActiveCfg = Release|Win32
		{DB577C00-D552-4221-8B0C-7A8E134AEAD0}.Release|x86.Build.0 = Release|Win32
		{D0A48B00-FB03-451B-888B-EDB0555DC8BF}.Debug|x64.ActiveCfg = Debug|x64
		{D0A48B00-FB03-451B-888B-EDB0555DC8BF}.Debug|x64.Build.0 = Debug|x64
		{D0A48B00-FB03-451B-888B-EDB0555DC8BF}.Debug|x86.ActiveCfg = Debug|Win32
		{D0A48B00-FB03-451B-888B-EDB0555DC8BF}.Debug|x86.Build.0 = Debug|Win32
		{D0A48B00-FB03-451B-888B-EDB0555DC8BF}.Release|x64.ActiveCfg = Release|x64
		{D0A48B00-FB03-451B-888B-EDB0555DC8BF}.Release|x64.Build.0 = Release|x64
		{D0A48B00-FB03-451B-888B-EDB0555DC8BF}.Release|x86.ActiveCfg = Release|Win32
		{D0A48B00-FB03-451B-888B-EDB0555DC8BF}.Release|x86.Build.0 = Release|Win32
		{A38FF672-2492-4F0A-B0DA-D1B98403A730}.Debug|x64.ActiveCfg = Debug|x64
		{A38FF672-2492-4F0A-B0DA-D1B98403A730}.Debug|x64.Build.0 = Debug|x64
		{A38FF672-2492-4F0A-B0DA-D1B98403A730}.Debug|x86.ActiveCfg = Debug|Win32
		{A38FF672-2492-4F0A-B0DA-D1B98403A730}.Debug|x86.Build.0 = Debug|Win32
		{A38FF672-2492-4F0A-B0DA-D1B98403A730}.Release|x64.ActiveCfg = Release|x64
		{A38FF672-2492-4F0A-B0DA-D1B98403A730}.Release|x64.Build.0 = Release|x64
		{A38FF672-2492-4F0A-B0DA-D1B98403A730}.Release|x86.ActiveCfg = Release|Win32
		{A38FF672-2492-4F0A-B0DA-D1B98403A730}.Release|x86.Build.0 = Release|Win32
		{0F0078CA-E0CC-4019-BF9A-8B6319959138}.Debug|x64.ActiveCfg = Debug|x64
		{0F0078CA-E0CC-4019-BF9A-8B6319959138}.Debug|x64.Build.0 = Debug|x64
		{0F0078CA-E0CC-4019-BF9A-8B6319959138}.Debug|x86.ActiveCfg = Debug|Win32
		{0F0078CA-E0CC-4019-BF9A-8B6319959138}.Debug|x86.Build.0 = Debug|Win32
		{0F0078CA-E0CC-4019-BF9A-8B6319959138}.Release|x64.ActiveCfg = Release|x64
		{0F0078CA-E0CC-4019-BF9A-8B6319959138}.Release|x64.Build.0 = Release|x64
		{0F0078CA-E0CC-4019-BF9A-8B6319959138}.Release|x86.ActiveCfg = Release|Win32
		{0F0078CA-E0CC-4019-BF9A-8B6319959138}.Release|x86.Build.0 = Release|Win32
	EndGlobalSection
	GlobalSection(SolutionProperties) = preSolution
		HideSolutionNode = FALSE
	EndGlobalSection
	GlobalSection(NestedProjects) = preSolution
		{D12E20B9-4D59-4A73-BC02-EF470821E972} = {C3B7075D-125B-443A-AF73-98E83663D146}
		{871E1D0F-E0EC-47F1-8116-033BBAA4FFA7} = {5CF568BF-706D-4302-9DDF-CA1293E6EF4E}
		{DB577C00-D552-4221-8B0C-7A8E134AEAD0} = {E658CF54-13AD-4541-A061-23327CBBFF61}
		{D0A48B00-FB03-451B-888B-EDB0555DC8BF} = {3632AE08-AAF9-46C1-96E2-02FD9E186527}
		{A38FF672-2492-4F0A-B0DA-D1B98403A730} = {F68733D7-C190-4E08-B573-8BAE64F94794}
		{0F0078CA-E0CC-4019-BF9A-8B6319959138} = {E658CF54-13AD-4541-A061-23327CBBFF61}
	EndGlobalSection
EndGlobal
