<?xml version="1.0" encoding="utf-8"?>
<Project ToolsVersion="4.0" xmlns="http://schemas.microsoft.com/developer/msbuild/2003">
  <ItemGroup>
    <ClInclude Include="PreCompile.h" />
    <ClInclude Include="ContentsCore.h" />
    <ClInclude Include="CampGameMode.h">
      <Filter>GameMode</Filter>
    </ClInclude>
    <ClInclude Include="MyRenderer.h">
      <Filter>Render</Filter>
    </ClInclude>
    <ClInclude Include="Lucille.h">
      <Filter>Camp</Filter>
    </ClInclude>
    <ClInclude Include="Infighter.h" />
    <ClInclude Include="CampTwoGameMode.h">
      <Filter>GameMode</Filter>
    </ClInclude>
    <ClInclude Include="EllerinonGameMode.h">
      <Filter>GameMode</Filter>
    </ClInclude>
    <ClInclude Include="Grandis.h">
      <Filter>CampTwo</Filter>
    </ClInclude>
    <ClInclude Include="Astaroth.h">
      <Filter>Ellerinon</Filter>
    </ClInclude>
  </ItemGroup>
  <ItemGroup>
    <ClCompile Include="PreCompile.cpp" />
    <ClCompile Include="ContentsCore.cpp" />
    <ClCompile Include="CampGameMode.cpp">
      <Filter>GameMode</Filter>
    </ClCompile>
    <ClCompile Include="MyRenderer.cpp">
      <Filter>Render</Filter>
    </ClCompile>
    <ClCompile Include="Lucille.cpp">
      <Filter>Camp</Filter>
    </ClCompile>
    <ClCompile Include="Infighter.cpp" />
    <ClCompile Include="CampTwoGameMode.cpp">
      <Filter>GameMode</Filter>
    </ClCompile>
    <ClCompile Include="EllerinonGameMode.cpp">
      <Filter>GameMode</Filter>
    </ClCompile>
    <ClCompile Include="Grandis.cpp">
      <Filter>CampTwo</Filter>
    </ClCompile>
    <ClCompile Include="Astaroth.cpp">
      <Filter>Ellerinon</Filter>
    </ClCompile>
  </ItemGroup>
  <ItemGroup>
    <Filter Include="GameMode">
      <UniqueIdentifier>{0360423b-134c-43d3-9459-33e9ca9b998c}</UniqueIdentifier>
    </Filter>
    <Filter Include="Render">
      <UniqueIdentifier>{95c07ce6-ea57-42ce-9aef-b8e8c03d28e8}</UniqueIdentifier>
    </Filter>
    <Filter Include="Camp">
      <UniqueIdentifier>{3634e7ad-ac3a-430a-a856-4e749db80a3a}</UniqueIdentifier>
    </Filter>
    <Filter Include="CampTwo">
      <UniqueIdentifier>{c0149f52-8a25-481d-ad4a-0b06a8481058}</UniqueIdentifier>
    </Filter>
    <Filter Include="Ellerinon">
      <UniqueIdentifier>{291c77e3-f40d-4b25-addc-95dbdd754d5a}</UniqueIdentifier>
    </Filter>
  </ItemGroup>
</Project>